[[package]]
name = "boto3"
version = "1.24.14"
description = "The AWS SDK for Python"
category = "main"
optional = false
python-versions = ">= 3.7"

[package.dependencies]
botocore = ">=1.27.14,<1.28.0"
jmespath = ">=0.7.1,<2.0.0"
s3transfer = ">=0.6.0,<0.7.0"

[package.extras]
crt = ["botocore[crt] (>=1.21.0,<2.0a0)"]

[[package]]
name = "botocore"
version = "1.27.14"
description = "Low-level, data-driven core of boto 3."
category = "main"
optional = false
python-versions = ">= 3.7"

[package.dependencies]
jmespath = ">=0.7.1,<2.0.0"
python-dateutil = ">=2.1,<3.0.0"
urllib3 = ">=1.25.4,<1.27"

[package.extras]
crt = ["awscrt (==0.13.8)"]

[[package]]
name = "jmespath"
version = "1.0.0"
description = "JSON Matching Expressions"
category = "main"
optional = false
python-versions = ">=3.7"

[[package]]
name = "linz-logger"
version = "0.6.0"
description = "LINZ standard Logging format"
category = "main"
optional = false
python-versions = ">=3.7,<4.0"

[package.dependencies]
structlog = ">=20.1.0,<21.0.0"

[[package]]
name = "python-dateutil"
version = "2.8.2"
description = "Extensions to the standard Python datetime module"
category = "main"
optional = false
python-versions = "!=3.0.*,!=3.1.*,!=3.2.*,>=2.7"

[package.dependencies]
six = ">=1.5"

[[package]]
name = "s3transfer"
version = "0.6.0"
description = "An Amazon S3 Transfer Manager"
category = "main"
optional = false
python-versions = ">= 3.7"

[package.dependencies]
botocore = ">=1.12.36,<2.0a.0"

[package.extras]
crt = ["botocore[crt] (>=1.20.29,<2.0a.0)"]

[[package]]
name = "six"
version = "1.16.0"
description = "Python 2 and 3 compatibility utilities"
category = "main"
optional = false
python-versions = ">=2.7, !=3.0.*, !=3.1.*, !=3.2.*"

[[package]]
name = "structlog"
version = "20.2.0"
description = "Structured Logging for Python"
category = "main"
optional = false
python-versions = ">=3.6"

[package.extras]
dev = ["coverage", "freezegun (>=0.2.8)", "pretend", "pytest-asyncio", "pytest-randomly", "pytest (>=6.0)", "simplejson", "furo", "sphinx", "sphinx-toolbox", "twisted", "pre-commit"]
docs = ["furo", "sphinx", "sphinx-toolbox", "twisted"]
tests = ["coverage", "freezegun (>=0.2.8)", "pretend", "pytest-asyncio", "pytest-randomly", "pytest (>=6.0)", "simplejson"]

[[package]]
name = "urllib3"
version = "1.26.9"
description = "HTTP library with thread-safe connection pooling, file post, and more."
category = "main"
optional = false
python-versions = ">=2.7, !=3.0.*, !=3.1.*, !=3.2.*, !=3.3.*, !=3.4.*, <4"

[package.extras]
brotli = ["brotlicffi (>=0.8.0)", "brotli (>=1.0.9)", "brotlipy (>=0.6.0)"]
secure = ["pyOpenSSL (>=0.14)", "cryptography (>=1.3.4)", "idna (>=2.0.0)", "certifi", "ipaddress"]
socks = ["PySocks (>=1.5.6,!=1.5.7,<2.0)"]

[metadata]
lock-version = "1.1"
python-versions = "^3.8.10"
content-hash = "569665eed0a17c80e81719b6ed407bb3d66b70017d0345f38e7807b17d1f0af6"

[metadata.files]
boto3 = [
    {file = "boto3-1.24.14-py3-none-any.whl", hash = "sha256:490f5e88f5551b33ae3019a37412158b76426d63d1fb910968ade9b6a024e5fe"},
    {file = "boto3-1.24.14.tar.gz", hash = "sha256:e284705da36faa668c715ae1f74ebbff4320dbfbe3a733df3a8ab076d1ed1226"},
]
botocore = [
    {file = "botocore-1.27.14-py3-none-any.whl", hash = "sha256:df1e9b208ff93daac7c645b0b04fb6dccd7f20262eae24d87941727025cbeece"},
    {file = "botocore-1.27.14.tar.gz", hash = "sha256:bb56fa77b8fa1ec367c2e16dee62d60000451aac5140dcce3ebddc167fd5c593"},
]
jmespath = [
    {file = "jmespath-1.0.0-py3-none-any.whl", hash = "sha256:e8dcd576ed616f14ec02eed0005c85973b5890083313860136657e24784e4c04"},
    {file = "jmespath-1.0.0.tar.gz", hash = "sha256:a490e280edd1f57d6de88636992d05b71e97d69a26a19f058ecf7d304474bf5e"},
]
linz-logger = [
    {file = "linz_logger-0.6.0-py3-none-any.whl", hash = "sha256:b15e59399af1e289d59e39f68ab6f9d5abcc5b648146ff6abd52aefaad3154f2"},
    {file = "linz_logger-0.6.0.tar.gz", hash = "sha256:70460df866f33ba997d4f38ebcfcae6cb1cfff6f52d15b0cbe3f8dfece3ca27c"},
]
python-dateutil = [
    {file = "python-dateutil-2.8.2.tar.gz", hash = "sha256:0123cacc1627ae19ddf3c27a5de5bd67ee4586fbdd6440d9748f8abb483d3e86"},
    {file = "python_dateutil-2.8.2-py2.py3-none-any.whl", hash = "sha256:961d03dc3453ebbc59dbdea9e4e11c5651520a876d0f4db161e8674aae935da9"},
]
s3transfer = [
    {file = "s3transfer-0.6.0-py3-none-any.whl", hash = "sha256:06176b74f3a15f61f1b4f25a1fc29a4429040b7647133a463da8fa5bd28d5ecd"},
    {file = "s3transfer-0.6.0.tar.gz", hash = "sha256:2ed07d3866f523cc561bf4a00fc5535827981b117dd7876f036b0c1aca42c947"},
]
six = [
    {file = "six-1.16.0-py2.py3-none-any.whl", hash = "sha256:8abb2f1d86890a2dfb989f9a77cfcfd3e47c2a354b01111771326f8aa26e0254"},
    {file = "six-1.16.0.tar.gz", hash = "sha256:1e61c37477a1626458e36f7b1d82aa5c9b094fa4802892072e49de9c60c4c926"},
]
structlog = [
    {file = "structlog-20.2.0-py2.py3-none-any.whl", hash = "sha256:33dd6bd5f49355e52c1c61bb6a4f20d0b48ce0328cc4a45fe872d38b97a05ccd"},
    {file = "structlog-20.2.0.tar.gz", hash = "sha256:af79dfa547d104af8d60f86eac12fb54825f54a46bc998e4504ef66177103174"},
]
urllib3 = [
    {file = "urllib3-1.26.9-py2.py3-none-any.whl", hash = "sha256:44ece4d53fb1706f667c9bd1c648f5469a2ec925fcf3a776667042d645472c14"},
    {file = "urllib3-1.26.9.tar.gz", hash = "sha256:aabaf16477806a5e1dd19aa41f8c2b7950dd3c746362d7e3223dbe6de6ac448e"},
]
